
Microsoft Visual Studio Solution File, Format Version 12.00
# Visual Studio Version 17
VisualStudioVersion = 17.8.34525.116
MinimumVisualStudioVersion = 10.0.40219.1
Project("{FAE04EC0-301F-11D3-BF4B-00C04F79EFBC}") = "EFCoreExample", "EFCoreExample\EFCoreExample.csproj", "{8F48EF99-3976-47E3-B2FA-BA419B458D2A}"
EndProject
Global
	GlobalSection(SolutionConfigurationPlatforms) = preSolution
		Debug|Any CPU = Debug|Any CPU
		Release|Any CPU = Release|Any CPU
	EndGlobalSection
	GlobalSection(ProjectConfigurationPlatforms) = postSolution
		{8F48EF99-3976-47E3-B2FA-BA419B458D2A}.Debug|Any CPU.ActiveCfg = Debug|Any CPU
		{8F48EF99-3976-47E3-B2FA-BA419B458D2A}.Debug|Any CPU.Build.0 = Debug|Any CPU
		{8F48EF99-3976-47E3-B2FA-BA419B458D2A}.Release|Any CPU.ActiveCfg = Release|Any CPU
		{8F48EF99-3976-47E3-B2FA-BA419B458D2A}.Release|Any CPU.Build.0 = Release|Any CPU
	EndGlobalSection
	GlobalSection(SolutionProperties) = preSolution
		HideSolutionNode = FALSE
	EndGlobalSection
	GlobalSection(ExtensibilityGlobals) = postSolution
		SolutionGuid = {CED6BD3C-BEEE-48F4-959C-2A66D68DEA61}
	EndGlobalSection
EndGlobal
